
Microsoft Visual Studio Solution File, Format Version 12.00
# Visual Studio 15
VisualStudioVersion = 15.0.28010.2003
MinimumVisualStudioVersion = 10.0.40219.1
Project("{FAE04EC0-301F-11D3-BF4B-00C04F79EFBC}") = "PhotoFormatter", "PhotoFormatter\PhotoFormatter.csproj", "{A844CC52-0EAB-473B-BF39-78F104A33329}"
EndProject
Global
	GlobalSection(SolutionConfigurationPlatforms) = preSolution
		Debug|Any CPU = Debug|Any CPU
		Release|Any CPU = Release|Any CPU
	EndGlobalSection
	GlobalSection(ProjectConfigurationPlatforms) = postSolution
		{A844CC52-0EAB-473B-BF39-78F104A33329}.Debug|Any CPU.ActiveCfg = Debug|Any CPU
		{A844CC52-0EAB-473B-BF39-78F104A33329}.Debug|Any CPU.Build.0 = Debug|Any CPU
		{A844CC52-0EAB-473B-BF39-78F104A33329}.Release|Any CPU.ActiveCfg = Release|Any CPU
		{A844CC52-0EAB-473B-BF39-78F104A33329}.Release|Any CPU.Build.0 = Release|Any CPU
	EndGlobalSection
	GlobalSection(SolutionProperties) = preSolution
		HideSolutionNode = FALSE
	EndGlobalSection
	GlobalSection(ExtensibilityGlobals) = postSolution
		SolutionGuid = {5331ECE2-1B4C-4A1E-B2DD-6AE510DA7B0A}
	EndGlobalSection
EndGlobal
